
Microsoft Visual Studio Solution File, Format Version 12.00
# Visual Studio 2013
VisualStudioVersion = 12.0.31101.0
MinimumVisualStudioVersion = 10.0.40219.1
Project("{2150E333-8FDC-42A3-9474-1A3956D46DE8}") = ".nuget", ".nuget", "{527581E3-C4E4-447D-918D-675C7D7FB9E5}"
EndProject
Project("{F2A71F9B-5D33-465A-A702-920D77279786}") = "FlexSearch.Core", "FlexSearch.Core\FlexSearch.Core.fsproj", "{9E4F3C02-6EAE-46B0-9C3F-2EE8EB4EA560}"
EndProject
Project("{2150E333-8FDC-42A3-9474-1A3956D46DE8}") = "Solution Items", "Solution Items", "{8BA08AD3-F42A-47D4-AD97-12D5C7184753}"
	ProjectSection(SolutionItems) = preProject
		build.bat = build.bat
		build.fsx = build.fsx
	EndProjectSection
EndProject
Project("{F2A71F9B-5D33-465A-A702-920D77279786}") = "FlexSearch.Tests", "FlexSearch.Tests\FlexSearch.Tests.fsproj", "{27C6A869-A3B7-408D-A56B-ACCF77DCCC42}"
EndProject
Project("{F2A71F9B-5D33-465A-A702-920D77279786}") = "FlexSearch.Server", "FlexSearch.Server\FlexSearch.Server.fsproj", "{0ABE2F45-CF90-40EC-98CD-144EB0AE9BDD}"
EndProject
Project("{FAE04EC0-301F-11D3-BF4B-00C04F79EFBC}") = "FlexSearch.Logging", "FlexSearch.Logging\FlexSearch.Logging.csproj", "{B43636F8-D809-4B73-A1DA-C5F17DF05992}"
EndProject
Project("{FAE04EC0-301F-11D3-BF4B-00C04F79EFBC}") = "FlexSearch.ControlPanel", "FlexSearch.ControlPanel\FlexSearch.ControlPanel.csproj", "{074409E5-778D-4D5C-8BC4-170D0D0C83B5}"
EndProject
Global
	GlobalSection(SolutionConfigurationPlatforms) = preSolution
		Debug|Any CPU = Debug|Any CPU
		Debug|Mixed Platforms = Debug|Mixed Platforms
		Debug|x64 = Debug|x64
		Release|Any CPU = Release|Any CPU
		Release|Mixed Platforms = Release|Mixed Platforms
		Release|x64 = Release|x64
	EndGlobalSection
	GlobalSection(ProjectConfigurationPlatforms) = postSolution
		{9E4F3C02-6EAE-46B0-9C3F-2EE8EB4EA560}.Debug|Any CPU.ActiveCfg = Debug|Any CPU
		{9E4F3C02-6EAE-46B0-9C3F-2EE8EB4EA560}.Debug|Any CPU.Build.0 = Debug|Any CPU
		{9E4F3C02-6EAE-46B0-9C3F-2EE8EB4EA560}.Debug|Mixed Platforms.ActiveCfg = Debug|Any CPU
		{9E4F3C02-6EAE-46B0-9C3F-2EE8EB4EA560}.Debug|Mixed Platforms.Build.0 = Debug|Any CPU
		{9E4F3C02-6EAE-46B0-9C3F-2EE8EB4EA560}.Debug|x64.ActiveCfg = Debug|x64
		{9E4F3C02-6EAE-46B0-9C3F-2EE8EB4EA560}.Debug|x64.Build.0 = Debug|x64
		{9E4F3C02-6EAE-46B0-9C3F-2EE8EB4EA560}.Release|Any CPU.ActiveCfg = Release|Any CPU
		{9E4F3C02-6EAE-46B0-9C3F-2EE8EB4EA560}.Release|Any CPU.Build.0 = Release|Any CPU
		{9E4F3C02-6EAE-46B0-9C3F-2EE8EB4EA560}.Release|Mixed Platforms.ActiveCfg = Release|Any CPU
		{9E4F3C02-6EAE-46B0-9C3F-2EE8EB4EA560}.Release|Mixed Platforms.Build.0 = Release|Any CPU
		{9E4F3C02-6EAE-46B0-9C3F-2EE8EB4EA560}.Release|x64.ActiveCfg = Release|Any CPU
		{27C6A869-A3B7-408D-A56B-ACCF77DCCC42}.Debug|Any CPU.ActiveCfg = Debug|Any CPU
		{27C6A869-A3B7-408D-A56B-ACCF77DCCC42}.Debug|Any CPU.Build.0 = Debug|Any CPU
		{27C6A869-A3B7-408D-A56B-ACCF77DCCC42}.Debug|Mixed Platforms.ActiveCfg = Debug|Any CPU
		{27C6A869-A3B7-408D-A56B-ACCF77DCCC42}.Debug|Mixed Platforms.Build.0 = Debug|Any CPU
		{27C6A869-A3B7-408D-A56B-ACCF77DCCC42}.Debug|x64.ActiveCfg = Debug|Any CPU
		{27C6A869-A3B7-408D-A56B-ACCF77DCCC42}.Release|Any CPU.ActiveCfg = Release|Any CPU
		{27C6A869-A3B7-408D-A56B-ACCF77DCCC42}.Release|Any CPU.Build.0 = Release|Any CPU
		{27C6A869-A3B7-408D-A56B-ACCF77DCCC42}.Release|Mixed Platforms.ActiveCfg = Release|Any CPU
		{27C6A869-A3B7-408D-A56B-ACCF77DCCC42}.Release|Mixed Platforms.Build.0 = Release|Any CPU
		{27C6A869-A3B7-408D-A56B-ACCF77DCCC42}.Release|x64.ActiveCfg = Release|Any CPU
		{0ABE2F45-CF90-40EC-98CD-144EB0AE9BDD}.Debug|Any CPU.ActiveCfg = Debug|Any CPU
		{0ABE2F45-CF90-40EC-98CD-144EB0AE9BDD}.Debug|Any CPU.Build.0 = Debug|Any CPU
		{0ABE2F45-CF90-40EC-98CD-144EB0AE9BDD}.Debug|Mixed Platforms.ActiveCfg = Debug|Any CPU
		{0ABE2F45-CF90-40EC-98CD-144EB0AE9BDD}.Debug|Mixed Platforms.Build.0 = Debug|Any CPU
		{0ABE2F45-CF90-40EC-98CD-144EB0AE9BDD}.Debug|x64.ActiveCfg = Debug|Any CPU
		{0ABE2F45-CF90-40EC-98CD-144EB0AE9BDD}.Release|Any CPU.ActiveCfg = Release|Any CPU
		{0ABE2F45-CF90-40EC-98CD-144EB0AE9BDD}.Release|Any CPU.Build.0 = Release|Any CPU
		{0ABE2F45-CF90-40EC-98CD-144EB0AE9BDD}.Release|Mixed Platforms.ActiveCfg = Release|Any CPU
		{0ABE2F45-CF90-40EC-98CD-144EB0AE9BDD}.Release|Mixed Platforms.Build.0 = Release|Any CPU
		{0ABE2F45-CF90-40EC-98CD-144EB0AE9BDD}.Release|x64.ActiveCfg = Release|Any CPU
		{B43636F8-D809-4B73-A1DA-C5F17DF05992}.Debug|Any CPU.ActiveCfg = Debug|Any CPU
		{B43636F8-D809-4B73-A1DA-C5F17DF05992}.Debug|Any CPU.Build.0 = Debug|Any CPU
		{B43636F8-D809-4B73-A1DA-C5F17DF05992}.Debug|Mixed Platforms.ActiveCfg = Debug|Any CPU
		{B43636F8-D809-4B73-A1DA-C5F17DF05992}.Debug|Mixed Platforms.Build.0 = Debug|Any CPU
		{B43636F8-D809-4B73-A1DA-C5F17DF05992}.Debug|x64.ActiveCfg = Debug|Any CPU
		{B43636F8-D809-4B73-A1DA-C5F17DF05992}.Release|Any CPU.ActiveCfg = Release|Any CPU
		{B43636F8-D809-4B73-A1DA-C5F17DF05992}.Release|Any CPU.Build.0 = Release|Any CPU
		{B43636F8-D809-4B73-A1DA-C5F17DF05992}.Release|Mixed Platforms.ActiveCfg = Release|Any CPU
		{B43636F8-D809-4B73-A1DA-C5F17DF05992}.Release|Mixed Platforms.Build.0 = Release|Any CPU
		{B43636F8-D809-4B73-A1DA-C5F17DF05992}.Release|x64.ActiveCfg = Release|Any CPU
		{074409E5-778D-4D5C-8BC4-170D0D0C83B5}.Debug|Any CPU.ActiveCfg = Debug|Any CPU
		{074409E5-778D-4D5C-8BC4-170D0D0C83B5}.Debug|Any CPU.Build.0 = Debug|Any CPU
		{074409E5-778D-4D5C-8BC4-170D0D0C83B5}.Debug|Mixed Platforms.ActiveCfg = Debug|Any CPU
		{074409E5-778D-4D5C-8BC4-170D0D0C83B5}.Debug|Mixed Platforms.Build.0 = Debug|Any CPU
		{074409E5-778D-4D5C-8BC4-170D0D0C83B5}.Debug|x64.ActiveCfg = Debug|Any CPU
		{074409E5-778D-4D5C-8BC4-170D0D0C83B5}.Release|Any CPU.ActiveCfg = Release|Any CPU
		{074409E5-778D-4D5C-8BC4-170D0D0C83B5}.Release|Any CPU.Build.0 = Release|Any CPU
		{074409E5-778D-4D5C-8BC4-170D0D0C83B5}.Release|Mixed Platforms.ActiveCfg = Release|Any CPU
		{074409E5-778D-4D5C-8BC4-170D0D0C83B5}.Release|Mixed Platforms.Build.0 = Release|Any CPU
		{074409E5-778D-4D5C-8BC4-170D0D0C83B5}.Release|x64.ActiveCfg = Release|Any CPU
	EndGlobalSection
	GlobalSection(SolutionProperties) = preSolution
		HideSolutionNode = FALSE
	EndGlobalSection
	GlobalSection(NDepend) = preSolution
		Project = ".\FlexSearch.ndproj"
	EndGlobalSection
EndGlobal
